<?xml version="1.0" encoding="utf-8"?>
<Project ToolsVersion="4.0" xmlns="http://schemas.microsoft.com/developer/msbuild/2003">
  <ItemGroup>
    <Filter Include="Source Files">
      <UniqueIdentifier>{4FC737F1-C7A5-4376-A066-2A32D752A2FF}</UniqueIdentifier>
      <Extensions>cpp;c;cc;cxx;c++;cppm;ixx;def;odl;idl;hpj;bat;asm;asmx</Extensions>
    </Filter>
    <Filter Include="Header Files">
      <UniqueIdentifier>{93995380-89BD-4b04-88EB-625FBE52EBFB}</UniqueIdentifier>
      <Extensions>h;hh;hpp;hxx;h++;hm;inl;inc;ipp;xsd</Extensions>
    </Filter>
    <Filter Include="Resource Files">
      <UniqueIdentifier>{67DA6AB6-F800-4c08-8B7A-83BB121AAD01}</UniqueIdentifier>
      <Extensions>rc;ico;cur;bmp;dlg;rc2;rct;bin;rgs;gif;jpg;jpeg;jpe;resx;tiff;tif;png;wav;mfcribbon-ms</Extensions>
    </Filter>
    <Filter Include="Header Files\Support">
      <UniqueIdentifier>{67036be3-ed51-4d33-b8e7-33a334ff8136}</UniqueIdentifier>
    </Filter>
    <Filter Include="Source Files\Support">
      <UniqueIdentifier>{0f7aacc3-6c59-4be4-b7d8-a7d9e3d2e439}</UniqueIdentifier>
    </Filter>
  </ItemGroup>
  <ItemGroup>
    <ClInclude Include="hkds_client.h">
      <Filter>Header Files</Filter>
    </ClInclude>
    <ClInclude Include="hkds_config.h">
      <Filter>Header Files</Filter>
    </ClInclude>
    <ClInclude Include="common.h">
      <Filter>Header Files</Filter>
    </ClInclude>
    <ClInclude Include="hkds_factory.h">
      <Filter>Header Files</Filter>
    </ClInclude>
    <ClInclude Include="hkds_queue.h">
      <Filter>Header Files</Filter>
    </ClInclude>
    <ClInclude Include="hkds_selftest.h">
      <Filter>Header Files</Filter>
    </ClInclude>
    <ClInclude Include="hkds_server.h">
      <Filter>Header Files</Filter>
    </ClInclude>
    <ClInclude Include="keccak.h">
      <Filter>Header Files</Filter>
    </ClInclude>
    <ClInclude Include="utils.h">
      <Filter>Header Files\Support</Filter>
    </ClInclude>
  </ItemGroup>
  <ItemGroup>
    <ClCompile Include="hkds_client.c">
      <Filter>Source Files</Filter>
    </ClCompile>
    <ClCompile Include="hkds_server.c">
      <Filter>Source Files</Filter>
    </ClCompile>
    <ClCompile Include="hkds_factory.c">
      <Filter>Source Files</Filter>
    </ClCompile>
    <ClCompile Include="hkds_queue.c">
      <Filter>Source Files</Filter>
    </ClCompile>
    <ClCompile Include="hkds_selftest.c">
      <Filter>Source Files</Filter>
    </ClCompile>
    <ClCompile Include="keccak.c">
      <Filter>Source Files</Filter>
    </ClCompile>
    <ClCompile Include="utils.c">
      <Filter>Source Files\Support</Filter>
    </ClCompile>
  </ItemGroup>
</Project>